// !$*UTF8*$!
{
	archiveVersion = 1;
	classes = {
	};
	objectVersion = 56;
	objects = {

/* Begin PBXBuildFile section */
		5E107EC82B71FB7900E55FB8 /* AppDelegate.swift in Sources */ = {isa = PBXBuildFile; fileRef = 5E107EC72B71FB7900E55FB8 /* AppDelegate.swift */; };
		5E107ECA2B71FB7900E55FB8 /* SceneDelegate.swift in Sources */ = {isa = PBXBuildFile; fileRef = 5E107EC92B71FB7900E55FB8 /* SceneDelegate.swift */; };
		5E107ECC2B71FB7900E55FB8 /* ViewController.swift in Sources */ = {isa = PBXBuildFile; fileRef = 5E107ECB2B71FB7900E55FB8 /* ViewController.swift */; };
		5E107ED12B71FB7D00E55FB8 /* Assets.xcassets in Resources */ = {isa = PBXBuildFile; fileRef = 5E107ED02B71FB7D00E55FB8 /* Assets.xcassets */; };
		5E107ED42B71FB7D00E55FB8 /* LaunchScreen.storyboard in Resources */ = {isa = PBXBuildFile; fileRef = 5E107ED22B71FB7D00E55FB8 /* LaunchScreen.storyboard */; };
		5E4AB1732B850FDC00280F93 /* RMLinkModel.swift in Sources */ = {isa = PBXBuildFile; fileRef = 5E4AB1722B850FDC00280F93 /* RMLinkModel.swift */; };
		5E4AB1782B86138300280F93 /* ProfielCell.swift in Sources */ = {isa = PBXBuildFile; fileRef = 5E4AB1772B86138300280F93 /* ProfielCell.swift */; };
		5E4AB17A2B8613BC00280F93 /* CurrentStoriesCell.swift in Sources */ = {isa = PBXBuildFile; fileRef = 5E4AB1792B8613BC00280F93 /* CurrentStoriesCell.swift */; };
		5E4AB17C2B8613E900280F93 /* AllPostsCell.swift in Sources */ = {isa = PBXBuildFile; fileRef = 5E4AB17B2B8613E900280F93 /* AllPostsCell.swift */; };
		5E4AB17E2B86181400280F93 /* ModelsForProfiel.swift in Sources */ = {isa = PBXBuildFile; fileRef = 5E4AB17D2B86181400280F93 /* ModelsForProfiel.swift */; };
		5E4AB1802B86953E00280F93 /* WebPresentViewController.swift in Sources */ = {isa = PBXBuildFile; fileRef = 5E4AB17F2B86953E00280F93 /* WebPresentViewController.swift */; };
		5E4DA7E42B87EF4800176ABC /* NotificationCell.swift in Sources */ = {isa = PBXBuildFile; fileRef = 5E4DA7E32B87EF4800176ABC /* NotificationCell.swift */; };
		5E4DA7E62B87EF7900176ABC /* NotificationModel.swift in Sources */ = {isa = PBXBuildFile; fileRef = 5E4DA7E52B87EF7900176ABC /* NotificationModel.swift */; };
		5E4DA7E82B87EFD900176ABC /* SubscribeViewCell.swift in Sources */ = {isa = PBXBuildFile; fileRef = 5E4DA7E72B87EFD900176ABC /* SubscribeViewCell.swift */; };
		5E5BED082B83824500A9D88F /* ProfielViewController.swift in Sources */ = {isa = PBXBuildFile; fileRef = 5E5BED072B83824500A9D88F /* ProfielViewController.swift */; };
		5E5BED0A2B83825F00A9D88F /* NotificationsViewController.swift in Sources */ = {isa = PBXBuildFile; fileRef = 5E5BED092B83825F00A9D88F /* NotificationsViewController.swift */; };
		5E5BED0F2B8476D400A9D88F /* StoriesCell.swift in Sources */ = {isa = PBXBuildFile; fileRef = 5E5BED0E2B8476D400A9D88F /* StoriesCell.swift */; };
		5E5BED112B84771600A9D88F /* FirstPostCell.swift in Sources */ = {isa = PBXBuildFile; fileRef = 5E5BED102B84771600A9D88F /* FirstPostCell.swift */; };
		5E5BED132B84776900A9D88F /* RecommendationsCell.swift in Sources */ = {isa = PBXBuildFile; fileRef = 5E5BED122B84776900A9D88F /* RecommendationsCell.swift */; };
		5E5BED152B8477B000A9D88F /* OtherPostsCell.swift in Sources */ = {isa = PBXBuildFile; fileRef = 5E5BED142B8477B000A9D88F /* OtherPostsCell.swift */; };
/* End PBXBuildFile section */

/* Begin PBXFileReference section */
		5E107EC42B71FB7900E55FB8 /* UIKitDz.app */ = {isa = PBXFileReference; explicitFileType = wrapper.application; includeInIndex = 0; path = UIKitDz.app; sourceTree = BUILT_PRODUCTS_DIR; };
		5E107EC72B71FB7900E55FB8 /* AppDelegate.swift */ = {isa = PBXFileReference; lastKnownFileType = sourcecode.swift; path = AppDelegate.swift; sourceTree = "<group>"; };
		5E107EC92B71FB7900E55FB8 /* SceneDelegate.swift */ = {isa = PBXFileReference; lastKnownFileType = sourcecode.swift; path = SceneDelegate.swift; sourceTree = "<group>"; };
		5E107ECB2B71FB7900E55FB8 /* ViewController.swift */ = {isa = PBXFileReference; lastKnownFileType = sourcecode.swift; path = ViewController.swift; sourceTree = "<group>"; };
		5E107ED02B71FB7D00E55FB8 /* Assets.xcassets */ = {isa = PBXFileReference; lastKnownFileType = folder.assetcatalog; path = Assets.xcassets; sourceTree = "<group>"; };
		5E107ED32B71FB7D00E55FB8 /* Base */ = {isa = PBXFileReference; lastKnownFileType = file.storyboard; name = Base; path = Base.lproj/LaunchScreen.storyboard; sourceTree = "<group>"; };
		5E107ED52B71FB7D00E55FB8 /* Info.plist */ = {isa = PBXFileReference; lastKnownFileType = text.plist.xml; path = Info.plist; sourceTree = "<group>"; };
		5E4AB1722B850FDC00280F93 /* RMLinkModel.swift */ = {isa = PBXFileReference; lastKnownFileType = sourcecode.swift; path = RMLinkModel.swift; sourceTree = "<group>"; };
		5E4AB1772B86138300280F93 /* ProfielCell.swift */ = {isa = PBXFileReference; lastKnownFileType = sourcecode.swift; path = ProfielCell.swift; sourceTree = "<group>"; };
		5E4AB1792B8613BC00280F93 /* CurrentStoriesCell.swift */ = {isa = PBXFileReference; lastKnownFileType = sourcecode.swift; path = CurrentStoriesCell.swift; sourceTree = "<group>"; };
		5E4AB17B2B8613E900280F93 /* AllPostsCell.swift */ = {isa = PBXFileReference; lastKnownFileType = sourcecode.swift; path = AllPostsCell.swift; sourceTree = "<group>"; };
		5E4AB17D2B86181400280F93 /* ModelsForProfiel.swift */ = {isa = PBXFileReference; lastKnownFileType = sourcecode.swift; path = ModelsForProfiel.swift; sourceTree = "<group>"; };
		5E4AB17F2B86953E00280F93 /* WebPresentViewController.swift */ = {isa = PBXFileReference; lastKnownFileType = sourcecode.swift; path = WebPresentViewController.swift; sourceTree = "<group>"; };
		5E4DA7E32B87EF4800176ABC /* NotificationCell.swift */ = {isa = PBXFileReference; lastKnownFileType = sourcecode.swift; path = NotificationCell.swift; sourceTree = "<group>"; };
		5E4DA7E52B87EF7900176ABC /* NotificationModel.swift */ = {isa = PBXFileReference; lastKnownFileType = sourcecode.swift; path = NotificationModel.swift; sourceTree = "<group>"; };
		5E4DA7E72B87EFD900176ABC /* SubscribeViewCell.swift */ = {isa = PBXFileReference; lastKnownFileType = sourcecode.swift; path = SubscribeViewCell.swift; sourceTree = "<group>"; };
		5E5BED072B83824500A9D88F /* ProfielViewController.swift */ = {isa = PBXFileReference; lastKnownFileType = sourcecode.swift; path = ProfielViewController.swift; sourceTree = "<group>"; };
		5E5BED092B83825F00A9D88F /* NotificationsViewController.swift */ = {isa = PBXFileReference; lastKnownFileType = sourcecode.swift; path = NotificationsViewController.swift; sourceTree = "<group>"; };
		5E5BED0E2B8476D400A9D88F /* StoriesCell.swift */ = {isa = PBXFileReference; lastKnownFileType = sourcecode.swift; path = StoriesCell.swift; sourceTree = "<group>"; };
		5E5BED102B84771600A9D88F /* FirstPostCell.swift */ = {isa = PBXFileReference; lastKnownFileType = sourcecode.swift; path = FirstPostCell.swift; sourceTree = "<group>"; };
		5E5BED122B84776900A9D88F /* RecommendationsCell.swift */ = {isa = PBXFileReference; lastKnownFileType = sourcecode.swift; path = RecommendationsCell.swift; sourceTree = "<group>"; };
		5E5BED142B8477B000A9D88F /* OtherPostsCell.swift */ = {isa = PBXFileReference; lastKnownFileType = sourcecode.swift; path = OtherPostsCell.swift; sourceTree = "<group>"; };
/* End PBXFileReference section */

/* Begin PBXFrameworksBuildPhase section */
		5E107EC12B71FB7900E55FB8 /* Frameworks */ = {
			isa = PBXFrameworksBuildPhase;
			buildActionMask = 2147483647;
			files = (
			);
			runOnlyForDeploymentPostprocessing = 0;
		};
/* End PBXFrameworksBuildPhase section */

/* Begin PBXGroup section */
		5E107EBB2B71FB7900E55FB8 = {
			isa = PBXGroup;
			children = (
				5E107EC62B71FB7900E55FB8 /* UIKitDz */,
				5E5BED022B83803600A9D88F /* Supports */,
				5E107EC52B71FB7900E55FB8 /* Products */,
			);
			sourceTree = "<group>";
		};
		5E107EC52B71FB7900E55FB8 /* Products */ = {
			isa = PBXGroup;
			children = (
				5E107EC42B71FB7900E55FB8 /* UIKitDz.app */,
			);
			name = Products;
			sourceTree = "<group>";
		};
		5E107EC62B71FB7900E55FB8 /* UIKitDz */ = {
			isa = PBXGroup;
			children = (
				5E4AB1712B850F1400280F93 /* Models */,
				5E5BED0B2B84740D00A9D88F /* Cell */,
				5E5BED042B83811C00A9D88F /* NewsFeedScreen */,
				5E5BED052B83817000A9D88F /* NotificationsScreen */,
				5E5BED062B8381C700A9D88F /* ProfielScreen */,
				5E107ED22B71FB7D00E55FB8 /* LaunchScreen.storyboard */,
				5E107ED02B71FB7D00E55FB8 /* Assets.xcassets */,
				5E107ED52B71FB7D00E55FB8 /* Info.plist */,
			);
			path = UIKitDz;
			sourceTree = "<group>";
		};
		5E4AB1712B850F1400280F93 /* Models */ = {
			isa = PBXGroup;
			children = (
				5E4DA7E52B87EF7900176ABC /* NotificationModel.swift */,
				5E4AB1722B850FDC00280F93 /* RMLinkModel.swift */,
				5E4AB17D2B86181400280F93 /* ModelsForProfiel.swift */,
			);
			path = Models;
			sourceTree = "<group>";
		};
		5E4AB1742B8612BF00280F93 /* CellForProfiel */ = {
			isa = PBXGroup;
			children = (
				5E4AB1772B86138300280F93 /* ProfielCell.swift */,
				5E4AB1792B8613BC00280F93 /* CurrentStoriesCell.swift */,
				5E4AB17B2B8613E900280F93 /* AllPostsCell.swift */,
			);
			path = CellForProfiel;
			sourceTree = "<group>";
		};
		5E4DA7E92B886C5200176ABC /* CellForNotification */ = {
			isa = PBXGroup;
			children = (
				5E4DA7E72B87EFD900176ABC /* SubscribeViewCell.swift */,
			);
			path = CellForNotification;
			sourceTree = "<group>";
		};
		5E4DA7EA2B886CC000176ABC /* CellForFeed */ = {
			isa = PBXGroup;
			children = (
				5E5BED0E2B8476D400A9D88F /* StoriesCell.swift */,
				5E5BED102B84771600A9D88F /* FirstPostCell.swift */,
				5E5BED122B84776900A9D88F /* RecommendationsCell.swift */,
				5E5BED142B8477B000A9D88F /* OtherPostsCell.swift */,
			);
			path = CellForFeed;
			sourceTree = "<group>";
		};
		5E5BED022B83803600A9D88F /* Supports */ = {
			isa = PBXGroup;
			children = (
				5E107EC92B71FB7900E55FB8 /* SceneDelegate.swift */,
				5E107EC72B71FB7900E55FB8 /* AppDelegate.swift */,
			);
			path = Supports;
			sourceTree = "<group>";
		};
		5E5BED042B83811C00A9D88F /* NewsFeedScreen */ = {
			isa = PBXGroup;
			children = (
				5E107ECB2B71FB7900E55FB8 /* ViewController.swift */,
			);
			path = NewsFeedScreen;
			sourceTree = "<group>";
		};
		5E5BED052B83817000A9D88F /* NotificationsScreen */ = {
			isa = PBXGroup;
			children = (
				5E4DA7E32B87EF4800176ABC /* NotificationCell.swift */,
				5E5BED092B83825F00A9D88F /* NotificationsViewController.swift */,
			);
			path = NotificationsScreen;
			sourceTree = "<group>";
		};
		5E5BED062B8381C700A9D88F /* ProfielScreen */ = {
			isa = PBXGroup;
			children = (
				5E5BED072B83824500A9D88F /* ProfielViewController.swift */,
				5E4AB17F2B86953E00280F93 /* WebPresentViewController.swift */,
			);
			path = ProfielScreen;
			sourceTree = "<group>";
		};
		5E5BED0B2B84740D00A9D88F /* Cell */ = {
			isa = PBXGroup;
			children = (
				5E4DA7EA2B886CC000176ABC /* CellForFeed */,
				5E4DA7E92B886C5200176ABC /* CellForNotification */,
				5E4AB1742B8612BF00280F93 /* CellForProfiel */,
			);
			path = Cell;
			sourceTree = "<group>";
		};
/* End PBXGroup section */

/* Begin PBXNativeTarget section */
		5E107EC32B71FB7900E55FB8 /* UIKitDz */ = {
			isa = PBXNativeTarget;
			buildConfigurationList = 5E107ED82B71FB7D00E55FB8 /* Build configuration list for PBXNativeTarget "UIKitDz" */;
			buildPhases = (
				5E107EDC2B7227CF00E55FB8 /* SwiftFormat */,
				5E107EDB2B72274E00E55FB8 /* SwiftLint */,
				5E107EC12B71FB7900E55FB8 /* Frameworks */,
				5E107EC02B71FB7900E55FB8 /* Sources */,
				5E107EC22B71FB7900E55FB8 /* Resources */,
			);
			buildRules = (
			);
			dependencies = (
			);
			name = UIKitDz;
			productName = UIKitDz;
			productReference = 5E107EC42B71FB7900E55FB8 /* UIKitDz.app */;
			productType = "com.apple.product-type.application";
		};
/* End PBXNativeTarget section */

/* Begin PBXProject section */
		5E107EBC2B71FB7900E55FB8 /* Project object */ = {
			isa = PBXProject;
			attributes = {
				BuildIndependentTargetsInParallel = 1;
				LastSwiftUpdateCheck = 1430;
				LastUpgradeCheck = 1430;
				TargetAttributes = {
					5E107EC32B71FB7900E55FB8 = {
						CreatedOnToolsVersion = 14.3.1;
					};
				};
			};
			buildConfigurationList = 5E107EBF2B71FB7900E55FB8 /* Build configuration list for PBXProject "UIKitDz" */;
			compatibilityVersion = "Xcode 14.0";
			developmentRegion = en;
			hasScannedForEncodings = 0;
			knownRegions = (
				en,
				Base,
			);
			mainGroup = 5E107EBB2B71FB7900E55FB8;
			productRefGroup = 5E107EC52B71FB7900E55FB8 /* Products */;
			projectDirPath = "";
			projectRoot = "";
			targets = (
				5E107EC32B71FB7900E55FB8 /* UIKitDz */,
			);
		};
/* End PBXProject section */

/* Begin PBXResourcesBuildPhase section */
		5E107EC22B71FB7900E55FB8 /* Resources */ = {
			isa = PBXResourcesBuildPhase;
			buildActionMask = 2147483647;
			files = (
				5E107ED42B71FB7D00E55FB8 /* LaunchScreen.storyboard in Resources */,
				5E107ED12B71FB7D00E55FB8 /* Assets.xcassets in Resources */,
			);
			runOnlyForDeploymentPostprocessing = 0;
		};
/* End PBXResourcesBuildPhase section */

/* Begin PBXShellScriptBuildPhase section */
		5E107EDB2B72274E00E55FB8 /* SwiftLint */ = {
			isa = PBXShellScriptBuildPhase;
			alwaysOutOfDate = 1;
			buildActionMask = 2147483647;
			files = (
			);
			inputFileListPaths = (
			);
			inputPaths = (
			);
			name = SwiftLint;
			outputFileListPaths = (
			);
			outputPaths = (
			);
			runOnlyForDeploymentPostprocessing = 0;
			shellPath = /bin/sh;
			shellScript = "if [[ \"$(uname -m)\" == arm64 ]]; then\n    export PATH=\"/opt/homebrew/bin:$PATH\"\nfi\n\nif which swiftlint > /dev/null; then\n  swiftlint\nelse\n  echo \"warning: SwiftLint not installed, download from https://github.com/realm/SwiftLint\"\nfi\n";
			showEnvVarsInLog = 0;
		};
		5E107EDC2B7227CF00E55FB8 /* SwiftFormat */ = {
			isa = PBXShellScriptBuildPhase;
			alwaysOutOfDate = 1;
			buildActionMask = 2147483647;
			files = (
			);
			inputFileListPaths = (
			);
			inputPaths = (
			);
			name = SwiftFormat;
			outputFileListPaths = (
			);
			outputPaths = (
			);
			runOnlyForDeploymentPostprocessing = 0;
			shellPath = /bin/sh;
			shellScript = "if [[ \"$(uname -m)\" == arm64 ]]; then\n    export PATH=\"/opt/homebrew/bin:$PATH\"\nfi\n\nif which swiftformat > /dev/null; then\n  swiftformat .\nelse\n  echo \"warning: SwiftFormat not installed, download from https://github.com/nicklockwood/SwiftFormat\"\nfi\n";
		};
/* End PBXShellScriptBuildPhase section */

/* Begin PBXSourcesBuildPhase section */
		5E107EC02B71FB7900E55FB8 /* Sources */ = {
			isa = PBXSourcesBuildPhase;
			buildActionMask = 2147483647;
			files = (
				5E4AB1782B86138300280F93 /* ProfielCell.swift in Sources */,
				5E4AB1732B850FDC00280F93 /* RMLinkModel.swift in Sources */,
				5E4DA7E82B87EFD900176ABC /* SubscribeViewCell.swift in Sources */,
				5E5BED112B84771600A9D88F /* FirstPostCell.swift in Sources */,
				5E4AB17E2B86181400280F93 /* ModelsForProfiel.swift in Sources */,
				5E4DA7E62B87EF7900176ABC /* NotificationModel.swift in Sources */,
				5E5BED0A2B83825F00A9D88F /* NotificationsViewController.swift in Sources */,
				5E4AB1802B86953E00280F93 /* WebPresentViewController.swift in Sources */,
				5E107ECC2B71FB7900E55FB8 /* ViewController.swift in Sources */,
				5E107EC82B71FB7900E55FB8 /* AppDelegate.swift in Sources */,
				5E4DA7E42B87EF4800176ABC /* NotificationCell.swift in Sources */,
				5E5BED132B84776900A9D88F /* RecommendationsCell.swift in Sources */,
				5E5BED0F2B8476D400A9D88F /* StoriesCell.swift in Sources */,
				5E4AB17C2B8613E900280F93 /* AllPostsCell.swift in Sources */,
				5E5BED082B83824500A9D88F /* ProfielViewController.swift in Sources */,
				5E5BED152B8477B000A9D88F /* OtherPostsCell.swift in Sources */,
				5E107ECA2B71FB7900E55FB8 /* SceneDelegate.swift in Sources */,
				5E4AB17A2B8613BC00280F93 /* CurrentStoriesCell.swift in Sources */,
			);
			runOnlyForDeploymentPostprocessing = 0;
		};
/* End PBXSourcesBuildPhase section */

/* Begin PBXVariantGroup section */
		5E107ED22B71FB7D00E55FB8 /* LaunchScreen.storyboard */ = {
			isa = PBXVariantGroup;
			children = (
				5E107ED32B71FB7D00E55FB8 /* Base */,
			);
			name = LaunchScreen.storyboard;
			sourceTree = "<group>";
		};
/* End PBXVariantGroup section */

/* Begin XCBuildConfiguration section */
		5E107ED62B71FB7D00E55FB8 /* Debug */ = {
			isa = XCBuildConfiguration;
			buildSettings = {
				ALWAYS_SEARCH_USER_PATHS = NO;
				CLANG_ANALYZER_NONNULL = YES;
				CLANG_ANALYZER_NUMBER_OBJECT_CONVERSION = YES_AGGRESSIVE;
				CLANG_CXX_LANGUAGE_STANDARD = "gnu++20";
				CLANG_ENABLE_MODULES = YES;
				CLANG_ENABLE_OBJC_ARC = YES;
				CLANG_ENABLE_OBJC_WEAK = YES;
				CLANG_WARN_BLOCK_CAPTURE_AUTORELEASING = YES;
				CLANG_WARN_BOOL_CONVERSION = YES;
				CLANG_WARN_COMMA = YES;
				CLANG_WARN_CONSTANT_CONVERSION = YES;
				CLANG_WARN_DEPRECATED_OBJC_IMPLEMENTATIONS = YES;
				CLANG_WARN_DIRECT_OBJC_ISA_USAGE = YES_ERROR;
				CLANG_WARN_DOCUMENTATION_COMMENTS = YES;
				CLANG_WARN_EMPTY_BODY = YES;
				CLANG_WARN_ENUM_CONVERSION = YES;
				CLANG_WARN_INFINITE_RECURSION = YES;
				CLANG_WARN_INT_CONVERSION = YES;
				CLANG_WARN_NON_LITERAL_NULL_CONVERSION = YES;
				CLANG_WARN_OBJC_IMPLICIT_RETAIN_SELF = YES;
				CLANG_WARN_OBJC_LITERAL_CONVERSION = YES;
				CLANG_WARN_OBJC_ROOT_CLASS = YES_ERROR;
				CLANG_WARN_QUOTED_INCLUDE_IN_FRAMEWORK_HEADER = YES;
				CLANG_WARN_RANGE_LOOP_ANALYSIS = YES;
				CLANG_WARN_STRICT_PROTOTYPES = YES;
				CLANG_WARN_SUSPICIOUS_MOVE = YES;
				CLANG_WARN_UNGUARDED_AVAILABILITY = YES_AGGRESSIVE;
				CLANG_WARN_UNREACHABLE_CODE = YES;
				CLANG_WARN__DUPLICATE_METHOD_MATCH = YES;
				COPY_PHASE_STRIP = NO;
				DEBUG_INFORMATION_FORMAT = dwarf;
				ENABLE_STRICT_OBJC_MSGSEND = YES;
				ENABLE_TESTABILITY = YES;
				GCC_C_LANGUAGE_STANDARD = gnu11;
				GCC_DYNAMIC_NO_PIC = NO;
				GCC_NO_COMMON_BLOCKS = YES;
				GCC_OPTIMIZATION_LEVEL = 0;
				GCC_PREPROCESSOR_DEFINITIONS = (
					"DEBUG=1",
					"$(inherited)",
				);
				GCC_WARN_64_TO_32_BIT_CONVERSION = YES;
				GCC_WARN_ABOUT_RETURN_TYPE = YES_ERROR;
				GCC_WARN_UNDECLARED_SELECTOR = YES;
				GCC_WARN_UNINITIALIZED_AUTOS = YES_AGGRESSIVE;
				GCC_WARN_UNUSED_FUNCTION = YES;
				GCC_WARN_UNUSED_VARIABLE = YES;
				IPHONEOS_DEPLOYMENT_TARGET = 16.4;
				MTL_ENABLE_DEBUG_INFO = INCLUDE_SOURCE;
				MTL_FAST_MATH = YES;
				ONLY_ACTIVE_ARCH = YES;
				SDKROOT = iphoneos;
				SWIFT_ACTIVE_COMPILATION_CONDITIONS = DEBUG;
				SWIFT_OPTIMIZATION_LEVEL = "-Onone";
			};
			name = Debug;
		};
		5E107ED72B71FB7D00E55FB8 /* Release */ = {
			isa = XCBuildConfiguration;
			buildSettings = {
				ALWAYS_SEARCH_USER_PATHS = NO;
				CLANG_ANALYZER_NONNULL = YES;
				CLANG_ANALYZER_NUMBER_OBJECT_CONVERSION = YES_AGGRESSIVE;
				CLANG_CXX_LANGUAGE_STANDARD = "gnu++20";
				CLANG_ENABLE_MODULES = YES;
				CLANG_ENABLE_OBJC_ARC = YES;
				CLANG_ENABLE_OBJC_WEAK = YES;
				CLANG_WARN_BLOCK_CAPTURE_AUTORELEASING = YES;
				CLANG_WARN_BOOL_CONVERSION = YES;
				CLANG_WARN_COMMA = YES;
				CLANG_WARN_CONSTANT_CONVERSION = YES;
				CLANG_WARN_DEPRECATED_OBJC_IMPLEMENTATIONS = YES;
				CLANG_WARN_DIRECT_OBJC_ISA_USAGE = YES_ERROR;
				CLANG_WARN_DOCUMENTATION_COMMENTS = YES;
				CLANG_WARN_EMPTY_BODY = YES;
				CLANG_WARN_ENUM_CONVERSION = YES;
				CLANG_WARN_INFINITE_RECURSION = YES;
				CLANG_WARN_INT_CONVERSION = YES;
				CLANG_WARN_NON_LITERAL_NULL_CONVERSION = YES;
				CLANG_WARN_OBJC_IMPLICIT_RETAIN_SELF = YES;
				CLANG_WARN_OBJC_LITERAL_CONVERSION = YES;
				CLANG_WARN_OBJC_ROOT_CLASS = YES_ERROR;
				CLANG_WARN_QUOTED_INCLUDE_IN_FRAMEWORK_HEADER = YES;
				CLANG_WARN_RANGE_LOOP_ANALYSIS = YES;
				CLANG_WARN_STRICT_PROTOTYPES = YES;
				CLANG_WARN_SUSPICIOUS_MOVE = YES;
				CLANG_WARN_UNGUARDED_AVAILABILITY = YES_AGGRESSIVE;
				CLANG_WARN_UNREACHABLE_CODE = YES;
				CLANG_WARN__DUPLICATE_METHOD_MATCH = YES;
				COPY_PHASE_STRIP = NO;
				DEBUG_INFORMATION_FORMAT = "dwarf-with-dsym";
				ENABLE_NS_ASSERTIONS = NO;
				ENABLE_STRICT_OBJC_MSGSEND = YES;
				GCC_C_LANGUAGE_STANDARD = gnu11;
				GCC_NO_COMMON_BLOCKS = YES;
				GCC_WARN_64_TO_32_BIT_CONVERSION = YES;
				GCC_WARN_ABOUT_RETURN_TYPE = YES_ERROR;
				GCC_WARN_UNDECLARED_SELECTOR = YES;
				GCC_WARN_UNINITIALIZED_AUTOS = YES_AGGRESSIVE;
				GCC_WARN_UNUSED_FUNCTION = YES;
				GCC_WARN_UNUSED_VARIABLE = YES;
				IPHONEOS_DEPLOYMENT_TARGET = 16.4;
				MTL_ENABLE_DEBUG_INFO = NO;
				MTL_FAST_MATH = YES;
				SDKROOT = iphoneos;
				SWIFT_COMPILATION_MODE = wholemodule;
				SWIFT_OPTIMIZATION_LEVEL = "-O";
				VALIDATE_PRODUCT = YES;
			};
			name = Release;
		};
		5E107ED92B71FB7D00E55FB8 /* Debug */ = {
			isa = XCBuildConfiguration;
			buildSettings = {
				ASSETCATALOG_COMPILER_APPICON_NAME = AppIcon;
				ASSETCATALOG_COMPILER_GLOBAL_ACCENT_COLOR_NAME = AccentColor;
				CODE_SIGN_STYLE = Automatic;
				CURRENT_PROJECT_VERSION = 1;
				DEVELOPMENT_TEAM = H39H54675P;
				GENERATE_INFOPLIST_FILE = YES;
				INFOPLIST_FILE = UIKitDz/Info.plist;
				INFOPLIST_KEY_UIApplicationSupportsIndirectInputEvents = YES;
				INFOPLIST_KEY_UILaunchStoryboardName = LaunchScreen;
				INFOPLIST_KEY_UISupportedInterfaceOrientations_iPad = "UIInterfaceOrientationPortrait UIInterfaceOrientationPortraitUpsideDown UIInterfaceOrientationLandscapeLeft UIInterfaceOrientationLandscapeRight";
				INFOPLIST_KEY_UISupportedInterfaceOrientations_iPhone = "UIInterfaceOrientationPortrait UIInterfaceOrientationLandscapeLeft UIInterfaceOrientationLandscapeRight";
				LD_RUNPATH_SEARCH_PATHS = (
					"$(inherited)",
					"@executable_path/Frameworks",
				);
				MARKETING_VERSION = 1.0;
				PRODUCT_BUNDLE_IDENTIFIER = kshilina.UIKitDz;
				PRODUCT_NAME = "$(TARGET_NAME)";
				SWIFT_EMIT_LOC_STRINGS = YES;
				SWIFT_VERSION = 5.0;
				TARGETED_DEVICE_FAMILY = "1,2";
			};
			name = Debug;
		};
		5E107EDA2B71FB7D00E55FB8 /* Release */ = {
			isa = XCBuildConfiguration;
			buildSettings = {
				ASSETCATALOG_COMPILER_APPICON_NAME = AppIcon;
				ASSETCATALOG_COMPILER_GLOBAL_ACCENT_COLOR_NAME = AccentColor;
				CODE_SIGN_STYLE = Automatic;
				CURRENT_PROJECT_VERSION = 1;
				DEVELOPMENT_TEAM = H39H54675P;
				GENERATE_INFOPLIST_FILE = YES;
				INFOPLIST_FILE = UIKitDz/Info.plist;
				INFOPLIST_KEY_UIApplicationSupportsIndirectInputEvents = YES;
				INFOPLIST_KEY_UILaunchStoryboardName = LaunchScreen;
				INFOPLIST_KEY_UISupportedInterfaceOrientations_iPad = "UIInterfaceOrientationPortrait UIInterfaceOrientationPortraitUpsideDown UIInterfaceOrientationLandscapeLeft UIInterfaceOrientationLandscapeRight";
				INFOPLIST_KEY_UISupportedInterfaceOrientations_iPhone = "UIInterfaceOrientationPortrait UIInterfaceOrientationLandscapeLeft UIInterfaceOrientationLandscapeRight";
				LD_RUNPATH_SEARCH_PATHS = (
					"$(inherited)",
					"@executable_path/Frameworks",
				);
				MARKETING_VERSION = 1.0;
				PRODUCT_BUNDLE_IDENTIFIER = kshilina.UIKitDz;
				PRODUCT_NAME = "$(TARGET_NAME)";
				SWIFT_EMIT_LOC_STRINGS = YES;
				SWIFT_VERSION = 5.0;
				TARGETED_DEVICE_FAMILY = "1,2";
			};
			name = Release;
		};
/* End XCBuildConfiguration section */

/* Begin XCConfigurationList section */
		5E107EBF2B71FB7900E55FB8 /* Build configuration list for PBXProject "UIKitDz" */ = {
			isa = XCConfigurationList;
			buildConfigurations = (
				5E107ED62B71FB7D00E55FB8 /* Debug */,
				5E107ED72B71FB7D00E55FB8 /* Release */,
			);
			defaultConfigurationIsVisible = 0;
			defaultConfigurationName = Release;
		};
		5E107ED82B71FB7D00E55FB8 /* Build configuration list for PBXNativeTarget "UIKitDz" */ = {
			isa = XCConfigurationList;
			buildConfigurations = (
				5E107ED92B71FB7D00E55FB8 /* Debug */,
				5E107EDA2B71FB7D00E55FB8 /* Release */,
			);
			defaultConfigurationIsVisible = 0;
			defaultConfigurationName = Release;
		};
/* End XCConfigurationList section */
	};
	rootObject = 5E107EBC2B71FB7900E55FB8 /* Project object */;
}
